
Microsoft Visual Studio Solution File, Format Version 12.00
# Visual Studio Version 17
VisualStudioVersion = 17.8.34322.80
MinimumVisualStudioVersion = 10.0.40219.1
Project("{FAE04EC0-301F-11D3-BF4B-00C04F79EFBC}") = "ExerciseBuildingAnArray", "ExerciseBuildingAnArray\ExerciseBuildingAnArray.csproj", "{2DACC3E7-EB56-446D-B615-4E4D93BB566C}"
EndProject
Global
	GlobalSection(SolutionConfigurationPlatforms) = preSolution
		Debug|Any CPU = Debug|Any CPU
		Release|Any CPU = Release|Any CPU
	EndGlobalSection
	GlobalSection(ProjectConfigurationPlatforms) = postSolution
		{2DACC3E7-EB56-446D-B615-4E4D93BB566C}.Debug|Any CPU.ActiveCfg = Debug|Any CPU
		{2DACC3E7-EB56-446D-B615-4E4D93BB566C}.Debug|Any CPU.Build.0 = Debug|Any CPU
		{2DACC3E7-EB56-446D-B615-4E4D93BB566C}.Release|Any CPU.ActiveCfg = Release|Any CPU
		{2DACC3E7-EB56-446D-B615-4E4D93BB566C}.Release|Any CPU.Build.0 = Release|Any CPU
	EndGlobalSection
	GlobalSection(SolutionProperties) = preSolution
		HideSolutionNode = FALSE
	EndGlobalSection
	GlobalSection(ExtensibilityGlobals) = postSolution
		SolutionGuid = {6E8187E8-7B1B-41FD-BC8D-71FF59973513}
	EndGlobalSection
EndGlobal
